
Microsoft Visual Studio Solution File, Format Version 12.00
# Visual Studio Version 16
VisualStudioVersion = 16.0.30225.117
MinimumVisualStudioVersion = 10.0.40219.1
Project("{FAE04EC0-301F-11D3-BF4B-00C04F79EFBC}") = "CSharpOOP.Main", "CSharpOOP.Main\CSharpOOP.Main.csproj", "{FB79B3F9-6DE8-400D-9202-922A03BD6EBA}"
EndProject
Global
	GlobalSection(SolutionConfigurationPlatforms) = preSolution
		Debug|Any CPU = Debug|Any CPU
		Release|Any CPU = Release|Any CPU
	EndGlobalSection
	GlobalSection(ProjectConfigurationPlatforms) = postSolution
		{FB79B3F9-6DE8-400D-9202-922A03BD6EBA}.Debug|Any CPU.ActiveCfg = Debug|Any CPU
		{FB79B3F9-6DE8-400D-9202-922A03BD6EBA}.Debug|Any CPU.Build.0 = Debug|Any CPU
		{FB79B3F9-6DE8-400D-9202-922A03BD6EBA}.Release|Any CPU.ActiveCfg = Release|Any CPU
		{FB79B3F9-6DE8-400D-9202-922A03BD6EBA}.Release|Any CPU.Build.0 = Release|Any CPU
	EndGlobalSection
	GlobalSection(SolutionProperties) = preSolution
		HideSolutionNode = FALSE
	EndGlobalSection
	GlobalSection(ExtensibilityGlobals) = postSolution
		SolutionGuid = {4903A376-5DEB-4648-9E72-579E561177A1}
	EndGlobalSection
EndGlobal
